
Microsoft Visual Studio Solution File, Format Version 10.00
# Visual Studio 2008
Project("{8BC9CEB8-8B4A-11D0-8D11-00A0C91BC942}") = "ForgeHttp", "ForgeHttp.vcproj", "{9F0A7BB5-5D59-40E8-A540-C1B05CD1DC53}"
EndProject
Global
	GlobalSection(SolutionConfigurationPlatforms) = preSolution
		Debug|Win32 = Debug|Win32
		Release|Win32 = Release|Win32
		Window|Win32 = Window|Win32
	EndGlobalSection
	GlobalSection(ProjectConfigurationPlatforms) = postSolution
		{9F0A7BB5-5D59-40E8-A540-C1B05CD1DC53}.Debug|Win32.ActiveCfg = Debug|Win32
		{9F0A7BB5-5D59-40E8-A540-C1B05CD1DC53}.Debug|Win32.Build.0 = Debug|Win32
		{9F0A7BB5-5D59-40E8-A540-C1B05CD1DC53}.Release|Win32.ActiveCfg = Release|Win32
		{9F0A7BB5-5D59-40E8-A540-C1B05CD1DC53}.Release|Win32.Build.0 = Release|Win32
		{9F0A7BB5-5D59-40E8-A540-C1B05CD1DC53}.Window|Win32.ActiveCfg = Window|Win32
		{9F0A7BB5-5D59-40E8-A540-C1B05CD1DC53}.Window|Win32.Build.0 = Window|Win32
	EndGlobalSection
	GlobalSection(SolutionProperties) = preSolution
		HideSolutionNode = FALSE
	EndGlobalSection
EndGlobal
